{
  "name": "playground",
  "version": "1.0.0",
  "lockfileVersion": 3,
  "requires": true,
  "packages": {
    "": {
      "name": "playground",
      "version": "1.0.0",
      "license": "ISC",
      "dependencies": {
        "@krmx/server": "^0.4.1",
        "immer": "^10.0.4",
        "json8-patch": "^1.0.6",
        "zod": "^3.22.4"
      },
      "devDependencies": {
        "@types/json8-patch": "^1.0.4",
        "typescript": "^5.4.2"
      }
    },
    "node_modules/@krmx/server": {
      "version": "0.4.1",
      "resolved": "https://registry.npmjs.org/@krmx/server/-/server-0.4.1.tgz",
      "integrity": "sha512-0VR/WDxIxsq4a41qqRaE7KexoFTtKY1z++q5JEcqei6uZGuxJBTYt7Vc1GrxslfUXEEDUB5w6/s+oX28k6ZOxQ==",
      "dependencies": {
        "luxon": "^3.3.0",
        "short-uuid": "^4.2.2",
        "ws": "^8.13.0"
      }
    },
    "node_modules/@types/json8-patch": {
      "version": "1.0.4",
      "resolved": "https://registry.npmjs.org/@types/json8-patch/-/json8-patch-1.0.4.tgz",
      "integrity": "sha512-FvM/MJOpYyaq+CrqcYdVus+v8L3o2c6v8HvjXcsl8NykytYZBl61u+kdugTVHy2P5j/Z7MwLeU+kJr8n8TQm8Q==",
      "dev": true
    },
    "node_modules/any-base": {
      "version": "1.1.0",
      "resolved": "https://registry.npmjs.org/any-base/-/any-base-1.1.0.tgz",
      "integrity": "sha512-uMgjozySS8adZZYePpaWs8cxB9/kdzmpX6SgJZ+wbz1K5eYk5QMYDVJaZKhxyIHUdnnJkfR7SVgStgH7LkGUyg=="
    },
    "node_modules/immer": {
      "version": "10.0.4",
      "resolved": "https://registry.npmjs.org/immer/-/immer-10.0.4.tgz",
      "integrity": "sha512-cuBuGK40P/sk5IzWa9QPUaAdvPHjkk1c+xYsd9oZw+YQQEV+10G0P5uMpGctZZKnyQ+ibRO08bD25nWLmYi2pw==",
      "funding": {
        "type": "opencollective",
        "url": "https://opencollective.com/immer"
      }
    },
    "node_modules/json8": {
      "version": "1.0.5",
      "resolved": "https://registry.npmjs.org/json8/-/json8-1.0.5.tgz",
      "integrity": "sha512-TnyzPW+84OwR9znGJ1DeJkucxkCEP37vNLoPuK7p0VJ3MrjhxgW+t+AbkW9vfNzxMv0tIDvzOYS1rJ7eUdcTwA==",
      "engines": {
        "node": ">= 7.6.0"
      }
    },
    "node_modules/json8-patch": {
      "version": "1.0.6",
      "resolved": "https://registry.npmjs.org/json8-patch/-/json8-patch-1.0.6.tgz",
      "integrity": "sha512-x0epce36M+8nWjGjmkd7fiGvEEhAiufIIb9vqjvS0JrskCz6RcD/a4hm+IV5fAV++lhquLIhV7vZK9tYu5+joA==",
      "dependencies": {
        "json8": "^1.0.5",
        "json8-pointer": "^1.0.6"
      },
      "engines": {
        "node": ">= 7.6.0"
      }
    },
    "node_modules/json8-pointer": {
      "version": "1.0.6",
      "resolved": "https://registry.npmjs.org/json8-pointer/-/json8-pointer-1.0.6.tgz",
      "integrity": "sha512-NjuxOsoxD8kidrifqywJYbCpBBMoT+4mruCVSh/BiInhBqSFnuqrJ+BnfBq0o0DxWOsAcn1J011t2JmHtA796Q==",
      "engines": {
        "node": ">= 7.6.0"
      }
    },
    "node_modules/luxon": {
      "version": "3.4.4",
      "resolved": "https://registry.npmjs.org/luxon/-/luxon-3.4.4.tgz",
      "integrity": "sha512-zobTr7akeGHnv7eBOXcRgMeCP6+uyYsczwmeRCauvpvaAltgNyTbLH/+VaEAPUeWBT+1GuNmz4wC/6jtQzbbVA==",
      "engines": {
        "node": ">=12"
      }
    },
    "node_modules/short-uuid": {
      "version": "4.2.2",
      "resolved": "https://registry.npmjs.org/short-uuid/-/short-uuid-4.2.2.tgz",
      "integrity": "sha512-IE7hDSGV2U/VZoCsjctKX6l5t5ak2jE0+aeGJi3KtvjIUNuZVmHVYUjNBhmo369FIWGDtaieRaO8A83Lvwfpqw==",
      "dependencies": {
        "any-base": "^1.1.0",
        "uuid": "^8.3.2"
      },
      "engines": {
        "node": ">=8"
      }
    },
    "node_modules/typescript": {
      "version": "5.4.2",
      "resolved": "https://registry.npmjs.org/typescript/-/typescript-5.4.2.tgz",
      "integrity": "sha512-+2/g0Fds1ERlP6JsakQQDXjZdZMM+rqpamFZJEKh4kwTIn3iDkgKtby0CeNd5ATNZ4Ry1ax15TMx0W2V+miizQ==",
      "dev": true,
      "bin": {
        "tsc": "bin/tsc",
        "tsserver": "bin/tsserver"
      },
      "engines": {
        "node": ">=14.17"
      }
    },
    "node_modules/uuid": {
      "version": "8.3.2",
      "resolved": "https://registry.npmjs.org/uuid/-/uuid-8.3.2.tgz",
      "integrity": "sha512-+NYs2QeMWy+GWFOEm9xnn6HCDp0l7QBD7ml8zLUmJ+93Q5NF0NocErnwkTkXVFNiX3/fpC6afS8Dhb/gz7R7eg==",
      "bin": {
        "uuid": "dist/bin/uuid"
      }
    },
    "node_modules/ws": {
      "version": "8.16.0",
      "resolved": "https://registry.npmjs.org/ws/-/ws-8.16.0.tgz",
      "integrity": "sha512-HS0c//TP7Ina87TfiPUz1rQzMhHrl/SG2guqRcTOIUYD2q8uhUdNHZYJUaQ8aTGPzCh+c6oawMKW35nFl1dxyQ==",
      "engines": {
        "node": ">=10.0.0"
      },
      "peerDependencies": {
        "bufferutil": "^4.0.1",
        "utf-8-validate": ">=5.0.2"
      },
      "peerDependenciesMeta": {
        "bufferutil": {
          "optional": true
        },
        "utf-8-validate": {
          "optional": true
        }
      }
    },
    "node_modules/zod": {
      "version": "3.22.4",
      "resolved": "https://registry.npmjs.org/zod/-/zod-3.22.4.tgz",
      "integrity": "sha512-iC+8Io04lddc+mVqQ9AZ7OQ2MrUKGN+oIQyq1vemgt46jwCwLfhq7/pwnBnNXXXZb8VTVLKwp9EDkx+ryxIWmg==",
      "funding": {
        "url": "https://github.com/sponsors/colinhacks"
      }
    }
  }
}
